#
# This file is autogenerated by pip-compile with Python 3.12
# by the following command:
#
#    pip-compile --extra=dev --no-index --output-file=requirements.lock --strip-extras pyproject.toml
#
allure-pytest==2.16.0
    # via enterprise-playwright-python (pyproject.toml)
allure-python-commons==2.16.0
    # via allure-pytest
annotated-types==0.8.0
    # via pydantic
anyio==4.15.1
    # via httpx
arrow==1.4.0
    # via isoduration
attrs==26.1.0
    # via
    #   allure-python-commons
    #   jsonschema
    #   referencing
bandit==1.9.4
    # via enterprise-playwright-python (pyproject.toml)
boolean-py==5.0
    # via license-expression
cachecontrol==0.14.4
    # via
    #   cachecontrol
    #   pip-audit
certifi==2026.7.22
    # via
    #   httpcore
    #   httpx
    #   requests
cfgv==3.5.0
    # via pre-commit
chardet==5.2.0
    # via cyclonedx-bom
charset-normalizer==3.5.1
    # via requests
colorama==0.4.6
    # via
    #   bandit
    #   pytest
coverage==7.16.1
    # via pytest-cov
cyclonedx-bom==7.4.0
    # via enterprise-playwright-python (pyproject.toml)
cyclonedx-python-lib==11.12.0
    # via
    #   cyclonedx-bom
    #   pip-audit
defusedxml==0.7.1
    # via py-serializable
distlib==0.4.3
    # via virtualenv
et-xmlfile==2.0.0
    # via openpyxl
execnet==2.1.2
    # via pytest-xdist
filelock==3.32.7
    # via
    #   cachecontrol
    #   python-discovery
    #   virtualenv
fqdn==1.5.1
    # via jsonschema
gherkin-official==29.0.0
    # via pytest-bdd
greenlet==3.5.6
    # via
    #   playwright
    #   sqlalchemy
h11==0.16.0
    # via httpcore
httpcore==1.0.9
    # via httpx
httpx==0.28.1
    # via enterprise-playwright-python (pyproject.toml)
identify==2.6.19
    # via pre-commit
idna==3.20
    # via
    #   anyio
    #   httpx
    #   jsonschema
    #   requests
iniconfig==2.3.0
    # via pytest
isoduration==20.11.0
    # via jsonschema
jinja2==3.1.6
    # via pytest-html
jsonpointer==3.1.1
    # via jsonschema
jsonschema==4.26.0
    # via cyclonedx-python-lib
jsonschema-specifications==2025.9.1
    # via jsonschema
lark==1.3.1
    # via rfc3987-syntax
license-expression==30.4.4
    # via cyclonedx-python-lib
lxml==6.1.3
    # via cyclonedx-python-lib
mako==1.4.1
    # via pytest-bdd
markdown-it-py==4.2.0
    # via rich
markupsafe==3.0.3
    # via
    #   jinja2
    #   mako
mdurl==0.1.2
    # via markdown-it-py
msgpack==1.2.2
    # via cachecontrol
nodeenv==1.10.0
    # via pre-commit
openpyxl==3.1.5
    # via enterprise-playwright-python (pyproject.toml)
packageurl-python==0.17.6
    # via
    #   cyclonedx-bom
    #   cyclonedx-python-lib
packaging==26.3
    # via
    #   cyclonedx-bom
    #   pip-audit
    #   pip-requirements-parser
    #   pytest
    #   pytest-bdd
parse==1.22.1
    # via
    #   parse-type
    #   pytest-bdd
parse-type==0.6.6
    # via pytest-bdd
pip-api==0.0.35
    # via pip-audit
pip-audit==2.10.1
    # via enterprise-playwright-python (pyproject.toml)
pip-requirements-parser==32.0.1
    # via
    #   cyclonedx-bom
    #   pip-audit
platformdirs==4.11.10
    # via
    #   pip-audit
    #   virtualenv
playwright==1.63.0
    # via enterprise-playwright-python (pyproject.toml)
pluggy==1.6.0
    # via
    #   allure-python-commons
    #   pytest
    #   pytest-cov
pre-commit==4.6.2
    # via enterprise-playwright-python (pyproject.toml)
py-serializable==2.1.0
    # via cyclonedx-python-lib
pydantic==2.13.5
    # via
    #   enterprise-playwright-python (pyproject.toml)
    #   pydantic-settings
pydantic-core==2.46.5
    # via pydantic
pydantic-settings==2.15.0
    # via enterprise-playwright-python (pyproject.toml)
pyee==13.0.1
    # via playwright
pygments==2.21.0
    # via
    #   pytest
    #   rich
pyparsing==3.3.2
    # via pip-requirements-parser
pytest==9.1.1
    # via
    #   allure-pytest
    #   enterprise-playwright-python (pyproject.toml)
    #   pytest-bdd
    #   pytest-cov
    #   pytest-html
    #   pytest-metadata
    #   pytest-xdist
pytest-bdd==8.1.0
    # via enterprise-playwright-python (pyproject.toml)
pytest-cov==6.3.0
    # via enterprise-playwright-python (pyproject.toml)
pytest-html==4.2.0
    # via enterprise-playwright-python (pyproject.toml)
pytest-metadata==3.1.1
    # via pytest-html
pytest-xdist==3.8.0
    # via enterprise-playwright-python (pyproject.toml)
python-dateutil==2.9.0.post0
    # via arrow
python-discovery==1.6.1
    # via virtualenv
python-dotenv==1.2.3
    # via pydantic-settings
pyyaml==6.0.3
    # via
    #   bandit
    #   enterprise-playwright-python (pyproject.toml)
    #   pre-commit
referencing==0.37.0
    # via
    #   cyclonedx-python-lib
    #   jsonschema
    #   jsonschema-specifications
requests==2.34.2
    # via
    #   cachecontrol
    #   pip-audit
rfc3339-validator==0.1.4
    # via jsonschema
rfc3986-validator==0.1.1
    # via jsonschema
rfc3987-syntax==1.1.0
    # via jsonschema
rich==15.0.0
    # via
    #   bandit
    #   pip-audit
rpds-py==2026.6.3
    # via
    #   jsonschema
    #   referencing
ruff==0.16.8
    # via enterprise-playwright-python (pyproject.toml)
six==1.17.0
    # via
    #   parse-type
    #   python-dateutil
    #   rfc3339-validator
sortedcontainers==2.4.0
    # via cyclonedx-python-lib
sqlalchemy==2.0.54
    # via enterprise-playwright-python (pyproject.toml)
stevedore==5.9.1
    # via bandit
structlog==24.4.0
    # via enterprise-playwright-python (pyproject.toml)
tenacity==9.1.4
    # via enterprise-playwright-python (pyproject.toml)
tomli==2.4.1
    # via pip-audit
tomli-w==1.2.0
    # via pip-audit
typing-extensions==4.16.0
    # via
    #   anyio
    #   cyclonedx-python-lib
    #   pydantic
    #   pydantic-core
    #   pyee
    #   pytest-bdd
    #   referencing
    #   sqlalchemy
    #   typing-inspection
typing-inspection==0.4.4
    # via
    #   pydantic
    #   pydantic-settings
tzdata==2026.4
    # via arrow
uri-template==1.3.0
    # via jsonschema
urllib3==2.8.0
    # via requests
virtualenv==21.7.14
    # via pre-commit
webcolors==25.10.0
    # via jsonschema

# The following packages are considered to be unsafe in a requirements file:
# pip
